
Microsoft Visual Studio Solution File, Format Version 12.00
# Visual Studio Version 17
VisualStudioVersion = 17.10.35027.167
MinimumVisualStudioVersion = 10.0.40219.1
Project("{FAE04EC0-301F-11D3-BF4B-00C04F79EFBC}") = "IOCDemoProject", "IOCDemoProject.csproj", "{2192CC07-EF9E-448F-A4A3-702FCFB18E1B}"
EndProject
Project("{FAE04EC0-301F-11D3-BF4B-00C04F79EFBC}") = "IOCService", "..\IOCService\IOCService.csproj", "{D100AA3E-6D0D-496A-9208-C81ED5D54B29}"
EndProject
Global
	GlobalSection(SolutionConfigurationPlatforms) = preSolution
		Debug|Any CPU = Debug|Any CPU
		Release|Any CPU = Release|Any CPU
	EndGlobalSection
	GlobalSection(ProjectConfigurationPlatforms) = postSolution
		{2192CC07-EF9E-448F-A4A3-702FCFB18E1B}.Debug|Any CPU.ActiveCfg = Debug|Any CPU
		{2192CC07-EF9E-448F-A4A3-702FCFB18E1B}.Debug|Any CPU.Build.0 = Debug|Any CPU
		{2192CC07-EF9E-448F-A4A3-702FCFB18E1B}.Release|Any CPU.ActiveCfg = Release|Any CPU
		{2192CC07-EF9E-448F-A4A3-702FCFB18E1B}.Release|Any CPU.Build.0 = Release|Any CPU
		{D100AA3E-6D0D-496A-9208-C81ED5D54B29}.Debug|Any CPU.ActiveCfg = Debug|Any CPU
		{D100AA3E-6D0D-496A-9208-C81ED5D54B29}.Debug|Any CPU.Build.0 = Debug|Any CPU
		{D100AA3E-6D0D-496A-9208-C81ED5D54B29}.Release|Any CPU.ActiveCfg = Release|Any CPU
		{D100AA3E-6D0D-496A-9208-C81ED5D54B29}.Release|Any CPU.Build.0 = Release|Any CPU
	EndGlobalSection
	GlobalSection(SolutionProperties) = preSolution
		HideSolutionNode = FALSE
	EndGlobalSection
	GlobalSection(ExtensibilityGlobals) = postSolution
		SolutionGuid = {246986BC-8EB6-4A49-A462-7B0C36F90D94}
	EndGlobalSection
EndGlobal
